
Microsoft Visual Studio Solution File, Format Version 12.00
# Visual Studio Version 17
VisualStudioVersion = 17.9.34728.123
MinimumVisualStudioVersion = 10.0.40219.1
Project("{FAE04EC0-301F-11D3-BF4B-00C04F79EFBC}") = "Clients_Birthday", "Clients_Birthday\Clients_Birthday.csproj", "{B653155D-E1BD-4FF3-A2C0-907774A0749A}"
EndProject
Global
	GlobalSection(SolutionConfigurationPlatforms) = preSolution
		Debug|Any CPU = Debug|Any CPU
		Release|Any CPU = Release|Any CPU
	EndGlobalSection
	GlobalSection(ProjectConfigurationPlatforms) = postSolution
		{B653155D-E1BD-4FF3-A2C0-907774A0749A}.Debug|Any CPU.ActiveCfg = Debug|Any CPU
		{B653155D-E1BD-4FF3-A2C0-907774A0749A}.Debug|Any CPU.Build.0 = Debug|Any CPU
		{B653155D-E1BD-4FF3-A2C0-907774A0749A}.Release|Any CPU.ActiveCfg = Release|Any CPU
		{B653155D-E1BD-4FF3-A2C0-907774A0749A}.Release|Any CPU.Build.0 = Release|Any CPU
	EndGlobalSection
	GlobalSection(SolutionProperties) = preSolution
		HideSolutionNode = FALSE
	EndGlobalSection
	GlobalSection(ExtensibilityGlobals) = postSolution
		SolutionGuid = {22D20345-EAA9-4247-B08A-9E166AC98406}
	EndGlobalSection
EndGlobal
